# THIS IS AN AUTOGENERATED FILE. DO NOT EDIT THIS FILE DIRECTLY.
# yarn lockfile v1


base32-decode@^1.0.0:
  version "1.0.0"
  resolved "https://registry.yarnpkg.com/base32-decode/-/base32-decode-1.0.0.tgz#2a821d6a664890c872f20aa9aca95a4b4b80e2a7"
  integrity sha512-KNWUX/R7wKenwE/G/qFMzGScOgVntOmbE27vvc6GrniDGYb6a5+qWcuoXl8WIOQL7q0TpK7nZDm1Y04Yi3Yn5g==
